
Microsoft Visual Studio Solution File, Format Version 12.00
Project("{FAE04EC0-301F-11D3-BF4B-00C04F79EFBC}") = "MartsinOleksandr.RobotsChallange", "MartsinOleksandr.RobotsChallange\MartsinOleksandr.RobotsChallange.csproj", "{74562642-C822-4FBF-AF5F-5412B8A630E7}"
EndProject
Project("{FAE04EC0-301F-11D3-BF4B-00C04F79EFBC}") = "MartsinOleksandr.RobotsChallange.Test", "MartsinOleksandr.RobotsChallange.Test\MartsinOleksandr.RobotsChallange.Test.csproj", "{5C58AC86-A2BD-47BB-B167-8A2EF977D824}"
EndProject
Global
	GlobalSection(SolutionConfigurationPlatforms) = preSolution
		Debug|Any CPU = Debug|Any CPU
		Release|Any CPU = Release|Any CPU
	EndGlobalSection
	GlobalSection(ProjectConfigurationPlatforms) = postSolution
		{74562642-C822-4FBF-AF5F-5412B8A630E7}.Debug|Any CPU.ActiveCfg = Debug|Any CPU
		{74562642-C822-4FBF-AF5F-5412B8A630E7}.Debug|Any CPU.Build.0 = Debug|Any CPU
		{74562642-C822-4FBF-AF5F-5412B8A630E7}.Release|Any CPU.ActiveCfg = Release|Any CPU
		{74562642-C822-4FBF-AF5F-5412B8A630E7}.Release|Any CPU.Build.0 = Release|Any CPU
		{5C58AC86-A2BD-47BB-B167-8A2EF977D824}.Debug|Any CPU.ActiveCfg = Debug|Any CPU
		{5C58AC86-A2BD-47BB-B167-8A2EF977D824}.Debug|Any CPU.Build.0 = Debug|Any CPU
		{5C58AC86-A2BD-47BB-B167-8A2EF977D824}.Release|Any CPU.ActiveCfg = Release|Any CPU
		{5C58AC86-A2BD-47BB-B167-8A2EF977D824}.Release|Any CPU.Build.0 = Release|Any CPU
	EndGlobalSection
EndGlobal
